
Microsoft Visual Studio Solution File, Format Version 12.00
# Visual Studio Version 16
VisualStudioVersion = 16.0.31729.503
MinimumVisualStudioVersion = 10.0.40219.1
Project("{FAE04EC0-301F-11D3-BF4B-00C04F79EFBC}") = "BubbleSort", "BubbleSort\BubbleSort.csproj", "{2CDD3A26-50EC-4F6E-BD7C-21EB7BFCA23E}"
EndProject
Global
	GlobalSection(SolutionConfigurationPlatforms) = preSolution
		Debug|Any CPU = Debug|Any CPU
		Release|Any CPU = Release|Any CPU
	EndGlobalSection
	GlobalSection(ProjectConfigurationPlatforms) = postSolution
		{2CDD3A26-50EC-4F6E-BD7C-21EB7BFCA23E}.Debug|Any CPU.ActiveCfg = Debug|Any CPU
		{2CDD3A26-50EC-4F6E-BD7C-21EB7BFCA23E}.Debug|Any CPU.Build.0 = Debug|Any CPU
		{2CDD3A26-50EC-4F6E-BD7C-21EB7BFCA23E}.Release|Any CPU.ActiveCfg = Release|Any CPU
		{2CDD3A26-50EC-4F6E-BD7C-21EB7BFCA23E}.Release|Any CPU.Build.0 = Release|Any CPU
	EndGlobalSection
	GlobalSection(SolutionProperties) = preSolution
		HideSolutionNode = FALSE
	EndGlobalSection
	GlobalSection(ExtensibilityGlobals) = postSolution
		SolutionGuid = {6BF418E9-AB53-43C1-A212-DF517CD66DF2}
	EndGlobalSection
EndGlobal
