
Microsoft Visual Studio Solution File, Format Version 12.00
# Visual Studio Version 16
VisualStudioVersion = 16.0.31729.503
MinimumVisualStudioVersion = 10.0.40219.1
Project("{FAE04EC0-301F-11D3-BF4B-00C04F79EFBC}") = "PrimeNumberAll", "PrimeNumberAll\PrimeNumberAll.csproj", "{5A140BC2-C6CF-4F7D-BFE0-399DB967E4DB}"
EndProject
Global
	GlobalSection(SolutionConfigurationPlatforms) = preSolution
		Debug|Any CPU = Debug|Any CPU
		Release|Any CPU = Release|Any CPU
	EndGlobalSection
	GlobalSection(ProjectConfigurationPlatforms) = postSolution
		{5A140BC2-C6CF-4F7D-BFE0-399DB967E4DB}.Debug|Any CPU.ActiveCfg = Debug|Any CPU
		{5A140BC2-C6CF-4F7D-BFE0-399DB967E4DB}.Debug|Any CPU.Build.0 = Debug|Any CPU
		{5A140BC2-C6CF-4F7D-BFE0-399DB967E4DB}.Release|Any CPU.ActiveCfg = Release|Any CPU
		{5A140BC2-C6CF-4F7D-BFE0-399DB967E4DB}.Release|Any CPU.Build.0 = Release|Any CPU
	EndGlobalSection
	GlobalSection(SolutionProperties) = preSolution
		HideSolutionNode = FALSE
	EndGlobalSection
	GlobalSection(ExtensibilityGlobals) = postSolution
		SolutionGuid = {63F19CFB-E523-4D82-8052-E852C6EAEF70}
	EndGlobalSection
EndGlobal
